
Microsoft Visual Studio Solution File, Format Version 12.00
# Visual Studio 15
VisualStudioVersion = 15.0.27428.2005
MinimumVisualStudioVersion = 10.0.40219.1
Project("{9A19103F-16F7-4668-BE54-9A1E7A4F7556}") = "Emisora", "Emisora\Emisora.csproj", "{0A9D6AAA-0DCE-4BFF-911A-93B7E2CED565}"
EndProject
Project("{FAE04EC0-301F-11D3-BF4B-00C04F79EFBC}") = "Servicios", "Servicios\Servicios.csproj", "{3D60A8B6-ECD3-4E35-8C38-771BB4FF946E}"
EndProject
Project("{FAE04EC0-301F-11D3-BF4B-00C04F79EFBC}") = "Modelos", "Modelos\Modelos.csproj", "{2912344F-C0E2-4EB5-BBF2-2CD8A0D1C658}"
EndProject
Project("{FAE04EC0-301F-11D3-BF4B-00C04F79EFBC}") = "Contexto", "Contexto\Contexto.csproj", "{E0145A83-13CD-4A10-A358-3A0004947DA2}"
EndProject
Global
	GlobalSection(SolutionConfigurationPlatforms) = preSolution
		Debug|Any CPU = Debug|Any CPU
		Release|Any CPU = Release|Any CPU
	EndGlobalSection
	GlobalSection(ProjectConfigurationPlatforms) = postSolution
		{0A9D6AAA-0DCE-4BFF-911A-93B7E2CED565}.Debug|Any CPU.ActiveCfg = Debug|Any CPU
		{0A9D6AAA-0DCE-4BFF-911A-93B7E2CED565}.Debug|Any CPU.Build.0 = Debug|Any CPU
		{0A9D6AAA-0DCE-4BFF-911A-93B7E2CED565}.Release|Any CPU.ActiveCfg = Release|Any CPU
		{0A9D6AAA-0DCE-4BFF-911A-93B7E2CED565}.Release|Any CPU.Build.0 = Release|Any CPU
		{3D60A8B6-ECD3-4E35-8C38-771BB4FF946E}.Debug|Any CPU.ActiveCfg = Debug|Any CPU
		{3D60A8B6-ECD3-4E35-8C38-771BB4FF946E}.Debug|Any CPU.Build.0 = Debug|Any CPU
		{3D60A8B6-ECD3-4E35-8C38-771BB4FF946E}.Release|Any CPU.ActiveCfg = Release|Any CPU
		{3D60A8B6-ECD3-4E35-8C38-771BB4FF946E}.Release|Any CPU.Build.0 = Release|Any CPU
		{2912344F-C0E2-4EB5-BBF2-2CD8A0D1C658}.Debug|Any CPU.ActiveCfg = Debug|Any CPU
		{2912344F-C0E2-4EB5-BBF2-2CD8A0D1C658}.Debug|Any CPU.Build.0 = Debug|Any CPU
		{2912344F-C0E2-4EB5-BBF2-2CD8A0D1C658}.Release|Any CPU.ActiveCfg = Release|Any CPU
		{2912344F-C0E2-4EB5-BBF2-2CD8A0D1C658}.Release|Any CPU.Build.0 = Release|Any CPU
		{E0145A83-13CD-4A10-A358-3A0004947DA2}.Debug|Any CPU.ActiveCfg = Debug|Any CPU
		{E0145A83-13CD-4A10-A358-3A0004947DA2}.Debug|Any CPU.Build.0 = Debug|Any CPU
		{E0145A83-13CD-4A10-A358-3A0004947DA2}.Release|Any CPU.ActiveCfg = Release|Any CPU
		{E0145A83-13CD-4A10-A358-3A0004947DA2}.Release|Any CPU.Build.0 = Release|Any CPU
	EndGlobalSection
	GlobalSection(SolutionProperties) = preSolution
		HideSolutionNode = FALSE
	EndGlobalSection
	GlobalSection(ExtensibilityGlobals) = postSolution
		SolutionGuid = {C8EBB7AC-09EC-4DA6-B37D-7365CDFBD103}
	EndGlobalSection
EndGlobal
